
Microsoft Visual Studio Solution File, Format Version 12.00
# Visual Studio Version 17
VisualStudioVersion = 17.13.35931.197 d17.13
MinimumVisualStudioVersion = 10.0.40219.1
Project("{FAE04EC0-301F-11D3-BF4B-00C04F79EFBC}") = "UsersAuthenticationApi", "UsersAuthenticationApi\UsersAuthenticationApi.csproj", "{6040970E-0151-42E3-80CC-EDD89C7A60CE}"
EndProject
Global
	GlobalSection(SolutionConfigurationPlatforms) = preSolution
		Debug|Any CPU = Debug|Any CPU
		Release|Any CPU = Release|Any CPU
	EndGlobalSection
	GlobalSection(ProjectConfigurationPlatforms) = postSolution
		{6040970E-0151-42E3-80CC-EDD89C7A60CE}.Debug|Any CPU.ActiveCfg = Debug|Any CPU
		{6040970E-0151-42E3-80CC-EDD89C7A60CE}.Debug|Any CPU.Build.0 = Debug|Any CPU
		{6040970E-0151-42E3-80CC-EDD89C7A60CE}.Release|Any CPU.ActiveCfg = Release|Any CPU
		{6040970E-0151-42E3-80CC-EDD89C7A60CE}.Release|Any CPU.Build.0 = Release|Any CPU
	EndGlobalSection
	GlobalSection(SolutionProperties) = preSolution
		HideSolutionNode = FALSE
	EndGlobalSection
	GlobalSection(ExtensibilityGlobals) = postSolution
		SolutionGuid = {44CFD9FD-BC08-4667-9D02-C7FFA15B42FD}
	EndGlobalSection
EndGlobal
